
Microsoft Visual Studio Solution File, Format Version 12.00
# Visual Studio Version 17
Project("{8BC9CEB8-8B4A-11D0-8D11-00A0C91BC942}") = "ALL_BUILD", "ALL_BUILD.vcxproj", "{472C2030-A404-38EC-B79A-4D21AE917BF4}"
	ProjectSection(ProjectDependencies) = postProject
		{102521A8-A9F2-35A5-B875-CAA661F3AADE} = {102521A8-A9F2-35A5-B875-CAA661F3AADE}
		{B69F89DB-63DA-332A-85D2-069F3063846B} = {B69F89DB-63DA-332A-85D2-069F3063846B}
		{A70CCB76-49A9-34EF-A95E-0342C9D8C9D4} = {A70CCB76-49A9-34EF-A95E-0342C9D8C9D4}
		{9974877A-88C9-30D3-B3B8-4189C9315F6F} = {9974877A-88C9-30D3-B3B8-4189C9315F6F}
		{9CCAD8D7-8651-3CAA-BDA5-559E54B38FC8} = {9CCAD8D7-8651-3CAA-BDA5-559E54B38FC8}
		{4CBEFA80-D0A0-3A4A-ACB6-C63C8DFC407F} = {4CBEFA80-D0A0-3A4A-ACB6-C63C8DFC407F}
		{B716E3DA-B268-3F7C-BF79-18C56A7ACB2B} = {B716E3DA-B268-3F7C-BF79-18C56A7ACB2B}
	EndProjectSection
EndProject
Project("{8BC9CEB8-8B4A-11D0-8D11-00A0C91BC942}") = "ZERO_CHECK", "ZERO_CHECK.vcxproj", "{102521A8-A9F2-35A5-B875-CAA661F3AADE}"
	ProjectSection(ProjectDependencies) = postProject
	EndProjectSection
EndProject
Project("{8BC9CEB8-8B4A-11D0-8D11-00A0C91BC942}") = "clipper3", "clipper3.vcxproj", "{B69F89DB-63DA-332A-85D2-069F3063846B}"
	ProjectSection(ProjectDependencies) = postProject
		{102521A8-A9F2-35A5-B875-CAA661F3AADE} = {102521A8-A9F2-35A5-B875-CAA661F3AADE}
	EndProjectSection
EndProject
Project("{8BC9CEB8-8B4A-11D0-8D11-00A0C91BC942}") = "cuda_kernels", "cuda_kernels.vcxproj", "{A70CCB76-49A9-34EF-A95E-0342C9D8C9D4}"
	ProjectSection(ProjectDependencies) = postProject
		{102521A8-A9F2-35A5-B875-CAA661F3AADE} = {102521A8-A9F2-35A5-B875-CAA661F3AADE}
	EndProjectSection
EndProject
Project("{8BC9CEB8-8B4A-11D0-8D11-00A0C91BC942}") = "geometry", "geometry.vcxproj", "{9974877A-88C9-30D3-B3B8-4189C9315F6F}"
	ProjectSection(ProjectDependencies) = postProject
		{102521A8-A9F2-35A5-B875-CAA661F3AADE} = {102521A8-A9F2-35A5-B875-CAA661F3AADE}
		{B69F89DB-63DA-332A-85D2-069F3063846B} = {B69F89DB-63DA-332A-85D2-069F3063846B}
		{A70CCB76-49A9-34EF-A95E-0342C9D8C9D4} = {A70CCB76-49A9-34EF-A95E-0342C9D8C9D4}
	EndProjectSection
EndProject
Project("{8BC9CEB8-8B4A-11D0-8D11-00A0C91BC942}") = "nest", "nest.vcxproj", "{9CCAD8D7-8651-3CAA-BDA5-559E54B38FC8}"
	ProjectSection(ProjectDependencies) = postProject
		{102521A8-A9F2-35A5-B875-CAA661F3AADE} = {102521A8-A9F2-35A5-B875-CAA661F3AADE}
		{B69F89DB-63DA-332A-85D2-069F3063846B} = {B69F89DB-63DA-332A-85D2-069F3063846B}
		{A70CCB76-49A9-34EF-A95E-0342C9D8C9D4} = {A70CCB76-49A9-34EF-A95E-0342C9D8C9D4}
		{9974877A-88C9-30D3-B3B8-4189C9315F6F} = {9974877A-88C9-30D3-B3B8-4189C9315F6F}
	EndProjectSection
EndProject
Project("{8BC9CEB8-8B4A-11D0-8D11-00A0C91BC942}") = "test_benchmark", "test_benchmark.vcxproj", "{4CBEFA80-D0A0-3A4A-ACB6-C63C8DFC407F}"
	ProjectSection(ProjectDependencies) = postProject
		{102521A8-A9F2-35A5-B875-CAA661F3AADE} = {102521A8-A9F2-35A5-B875-CAA661F3AADE}
		{B69F89DB-63DA-332A-85D2-069F3063846B} = {B69F89DB-63DA-332A-85D2-069F3063846B}
		{A70CCB76-49A9-34EF-A95E-0342C9D8C9D4} = {A70CCB76-49A9-34EF-A95E-0342C9D8C9D4}
		{9974877A-88C9-30D3-B3B8-4189C9315F6F} = {9974877A-88C9-30D3-B3B8-4189C9315F6F}
	EndProjectSection
EndProject
Project("{8BC9CEB8-8B4A-11D0-8D11-00A0C91BC942}") = "test_overlap", "test_overlap.vcxproj", "{B716E3DA-B268-3F7C-BF79-18C56A7ACB2B}"
	ProjectSection(ProjectDependencies) = postProject
		{102521A8-A9F2-35A5-B875-CAA661F3AADE} = {102521A8-A9F2-35A5-B875-CAA661F3AADE}
		{B69F89DB-63DA-332A-85D2-069F3063846B} = {B69F89DB-63DA-332A-85D2-069F3063846B}
		{A70CCB76-49A9-34EF-A95E-0342C9D8C9D4} = {A70CCB76-49A9-34EF-A95E-0342C9D8C9D4}
		{9974877A-88C9-30D3-B3B8-4189C9315F6F} = {9974877A-88C9-30D3-B3B8-4189C9315F6F}
	EndProjectSection
EndProject
Global
	GlobalSection(SolutionConfigurationPlatforms) = preSolution
		Debug|x64 = Debug|x64
		Release|x64 = Release|x64
		MinSizeRel|x64 = MinSizeRel|x64
		RelWithDebInfo|x64 = RelWithDebInfo|x64
	EndGlobalSection
	GlobalSection(ProjectConfigurationPlatforms) = postSolution
		{472C2030-A404-38EC-B79A-4D21AE917BF4}.Debug|x64.ActiveCfg = Debug|x64
		{472C2030-A404-38EC-B79A-4D21AE917BF4}.Release|x64.ActiveCfg = Release|x64
		{472C2030-A404-38EC-B79A-4D21AE917BF4}.MinSizeRel|x64.ActiveCfg = MinSizeRel|x64
		{472C2030-A404-38EC-B79A-4D21AE917BF4}.RelWithDebInfo|x64.ActiveCfg = RelWithDebInfo|x64
		{102521A8-A9F2-35A5-B875-CAA661F3AADE}.Debug|x64.ActiveCfg = Debug|x64
		{102521A8-A9F2-35A5-B875-CAA661F3AADE}.Debug|x64.Build.0 = Debug|x64
		{102521A8-A9F2-35A5-B875-CAA661F3AADE}.Release|x64.ActiveCfg = Release|x64
		{102521A8-A9F2-35A5-B875-CAA661F3AADE}.Release|x64.Build.0 = Release|x64
		{102521A8-A9F2-35A5-B875-CAA661F3AADE}.MinSizeRel|x64.ActiveCfg = MinSizeRel|x64
		{102521A8-A9F2-35A5-B875-CAA661F3AADE}.MinSizeRel|x64.Build.0 = MinSizeRel|x64
		{102521A8-A9F2-35A5-B875-CAA661F3AADE}.RelWithDebInfo|x64.ActiveCfg = RelWithDebInfo|x64
		{102521A8-A9F2-35A5-B875-CAA661F3AADE}.RelWithDebInfo|x64.Build.0 = RelWithDebInfo|x64
		{B69F89DB-63DA-332A-85D2-069F3063846B}.Debug|x64.ActiveCfg = Debug|x64
		{B69F89DB-63DA-332A-85D2-069F3063846B}.Debug|x64.Build.0 = Debug|x64
		{B69F89DB-63DA-332A-85D2-069F3063846B}.Release|x64.ActiveCfg = Release|x64
		{B69F89DB-63DA-332A-85D2-069F3063846B}.Release|x64.Build.0 = Release|x64
		{B69F89DB-63DA-332A-85D2-069F3063846B}.MinSizeRel|x64.ActiveCfg = MinSizeRel|x64
		{B69F89DB-63DA-332A-85D2-069F3063846B}.MinSizeRel|x64.Build.0 = MinSizeRel|x64
		{B69F89DB-63DA-332A-85D2-069F3063846B}.RelWithDebInfo|x64.ActiveCfg = RelWithDebInfo|x64
		{B69F89DB-63DA-332A-85D2-069F3063846B}.RelWithDebInfo|x64.Build.0 = RelWithDebInfo|x64
		{A70CCB76-49A9-34EF-A95E-0342C9D8C9D4}.Debug|x64.ActiveCfg = Debug|x64
		{A70CCB76-49A9-34EF-A95E-0342C9D8C9D4}.Debug|x64.Build.0 = Debug|x64
		{A70CCB76-49A9-34EF-A95E-0342C9D8C9D4}.Release|x64.ActiveCfg = Release|x64
		{A70CCB76-49A9-34EF-A95E-0342C9D8C9D4}.Release|x64.Build.0 = Release|x64
		{A70CCB76-49A9-34EF-A95E-0342C9D8C9D4}.MinSizeRel|x64.ActiveCfg = MinSizeRel|x64
		{A70CCB76-49A9-34EF-A95E-0342C9D8C9D4}.MinSizeRel|x64.Build.0 = MinSizeRel|x64
		{A70CCB76-49A9-34EF-A95E-0342C9D8C9D4}.RelWithDebInfo|x64.ActiveCfg = RelWithDebInfo|x64
		{A70CCB76-49A9-34EF-A95E-0342C9D8C9D4}.RelWithDebInfo|x64.Build.0 = RelWithDebInfo|x64
		{9974877A-88C9-30D3-B3B8-4189C9315F6F}.Debug|x64.ActiveCfg = Debug|x64
		{9974877A-88C9-30D3-B3B8-4189C9315F6F}.Debug|x64.Build.0 = Debug|x64
		{9974877A-88C9-30D3-B3B8-4189C9315F6F}.Release|x64.ActiveCfg = Release|x64
		{9974877A-88C9-30D3-B3B8-4189C9315F6F}.Release|x64.Build.0 = Release|x64
		{9974877A-88C9-30D3-B3B8-4189C9315F6F}.MinSizeRel|x64.ActiveCfg = MinSizeRel|x64
		{9974877A-88C9-30D3-B3B8-4189C9315F6F}.MinSizeRel|x64.Build.0 = MinSizeRel|x64
		{9974877A-88C9-30D3-B3B8-4189C9315F6F}.RelWithDebInfo|x64.ActiveCfg = RelWithDebInfo|x64
		{9974877A-88C9-30D3-B3B8-4189C9315F6F}.RelWithDebInfo|x64.Build.0 = RelWithDebInfo|x64
		{9CCAD8D7-8651-3CAA-BDA5-559E54B38FC8}.Debug|x64.ActiveCfg = Debug|x64
		{9CCAD8D7-8651-3CAA-BDA5-559E54B38FC8}.Debug|x64.Build.0 = Debug|x64
		{9CCAD8D7-8651-3CAA-BDA5-559E54B38FC8}.Release|x64.ActiveCfg = Release|x64
		{9CCAD8D7-8651-3CAA-BDA5-559E54B38FC8}.Release|x64.Build.0 = Release|x64
		{9CCAD8D7-8651-3CAA-BDA5-559E54B38FC8}.MinSizeRel|x64.ActiveCfg = MinSizeRel|x64
		{9CCAD8D7-8651-3CAA-BDA5-559E54B38FC8}.MinSizeRel|x64.Build.0 = MinSizeRel|x64
		{9CCAD8D7-8651-3CAA-BDA5-559E54B38FC8}.RelWithDebInfo|x64.ActiveCfg = RelWithDebInfo|x64
		{9CCAD8D7-8651-3CAA-BDA5-559E54B38FC8}.RelWithDebInfo|x64.Build.0 = RelWithDebInfo|x64
		{4CBEFA80-D0A0-3A4A-ACB6-C63C8DFC407F}.Debug|x64.ActiveCfg = Debug|x64
		{4CBEFA80-D0A0-3A4A-ACB6-C63C8DFC407F}.Debug|x64.Build.0 = Debug|x64
		{4CBEFA80-D0A0-3A4A-ACB6-C63C8DFC407F}.Release|x64.ActiveCfg = Release|x64
		{4CBEFA80-D0A0-3A4A-ACB6-C63C8DFC407F}.Release|x64.Build.0 = Release|x64
		{4CBEFA80-D0A0-3A4A-ACB6-C63C8DFC407F}.MinSizeRel|x64.ActiveCfg = MinSizeRel|x64
		{4CBEFA80-D0A0-3A4A-ACB6-C63C8DFC407F}.MinSizeRel|x64.Build.0 = MinSizeRel|x64
		{4CBEFA80-D0A0-3A4A-ACB6-C63C8DFC407F}.RelWithDebInfo|x64.ActiveCfg = RelWithDebInfo|x64
		{4CBEFA80-D0A0-3A4A-ACB6-C63C8DFC407F}.RelWithDebInfo|x64.Build.0 = RelWithDebInfo|x64
		{B716E3DA-B268-3F7C-BF79-18C56A7ACB2B}.Debug|x64.ActiveCfg = Debug|x64
		{B716E3DA-B268-3F7C-BF79-18C56A7ACB2B}.Debug|x64.Build.0 = Debug|x64
		{B716E3DA-B268-3F7C-BF79-18C56A7ACB2B}.Release|x64.ActiveCfg = Release|x64
		{B716E3DA-B268-3F7C-BF79-18C56A7ACB2B}.Release|x64.Build.0 = Release|x64
		{B716E3DA-B268-3F7C-BF79-18C56A7ACB2B}.MinSizeRel|x64.ActiveCfg = MinSizeRel|x64
		{B716E3DA-B268-3F7C-BF79-18C56A7ACB2B}.MinSizeRel|x64.Build.0 = MinSizeRel|x64
		{B716E3DA-B268-3F7C-BF79-18C56A7ACB2B}.RelWithDebInfo|x64.ActiveCfg = RelWithDebInfo|x64
		{B716E3DA-B268-3F7C-BF79-18C56A7ACB2B}.RelWithDebInfo|x64.Build.0 = RelWithDebInfo|x64
	EndGlobalSection
	GlobalSection(ExtensibilityGlobals) = postSolution
		SolutionGuid = {ABD84370-24A4-324A-8721-238EF177502E}
	EndGlobalSection
	GlobalSection(ExtensibilityAddIns) = postSolution
	EndGlobalSection
EndGlobal
